
Microsoft Visual Studio Solution File, Format Version 12.00
# Visual Studio Version 16
VisualStudioVersion = 16.0.34601.136
MinimumVisualStudioVersion = 10.0.40219.1
Project("{FAE04EC0-301F-11D3-BF4B-00C04F79EFBC}") = "WebDatVeMayBay", "WebDatVeMayBay.csproj", "{CD7715D2-FF55-447F-A1ED-29B2D4925E40}"
EndProject
Global
	GlobalSection(SolutionConfigurationPlatforms) = preSolution
		Debug|Any CPU = Debug|Any CPU
		Release|Any CPU = Release|Any CPU
	EndGlobalSection
	GlobalSection(ProjectConfigurationPlatforms) = postSolution
		{CD7715D2-FF55-447F-A1ED-29B2D4925E40}.Debug|Any CPU.ActiveCfg = Debug|Any CPU
		{CD7715D2-FF55-447F-A1ED-29B2D4925E40}.Debug|Any CPU.Build.0 = Debug|Any CPU
		{CD7715D2-FF55-447F-A1ED-29B2D4925E40}.Release|Any CPU.ActiveCfg = Release|Any CPU
		{CD7715D2-FF55-447F-A1ED-29B2D4925E40}.Release|Any CPU.Build.0 = Release|Any CPU
	EndGlobalSection
	GlobalSection(SolutionProperties) = preSolution
		HideSolutionNode = FALSE
	EndGlobalSection
	GlobalSection(ExtensibilityGlobals) = postSolution
		SolutionGuid = {10981434-9D62-40DE-B8DA-F471A311EF0A}
	EndGlobalSection
EndGlobal
